
Microsoft Visual Studio Solution File, Format Version 12.00
# Visual Studio Version 17
VisualStudioVersion = 17.3.32721.290
MinimumVisualStudioVersion = 10.0.40219.1
Project("{9A19103F-16F7-4668-BE54-9A1E7A4F7556}") = "MusicWPF", "MusicWPF\MusicWPF.csproj", "{339DC6D9-D62A-48B7-BE6D-434B8C4DAB7A}"
EndProject
Project("{9A19103F-16F7-4668-BE54-9A1E7A4F7556}") = "MusicWidget", "MusicWidget\MusicWidget.csproj", "{34A90224-583C-4FE2-AF30-8C66DBD7C435}"
EndProject
Project("{9A19103F-16F7-4668-BE54-9A1E7A4F7556}") = "MusicLibrary", "MusicLibrary\MusicLibrary.csproj", "{29257717-DA95-4895-AA9B-488589F37A5D}"
EndProject
Project("{9A19103F-16F7-4668-BE54-9A1E7A4F7556}") = "MusicLibMAUI", "MusicLibMAUI\MusicLibMAUI.csproj", "{7BC0994F-B9DD-4E8C-8E94-00C74BBC5937}"
EndProject
Project("{9A19103F-16F7-4668-BE54-9A1E7A4F7556}") = "MusicMAUI", "MusicMAUI\MusicMAUI.csproj", "{91A48E90-AB77-4E81-BD8B-CDD468372066}"
EndProject
Project("{FAE04EC0-301F-11D3-BF4B-00C04F79EFBC}") = "MusicUWP", "MusicUWP\MusicUWP.csproj", "{85A63DD9-B837-4CD3-8031-AC560CB7FB85}"
EndProject
Global
	GlobalSection(SolutionConfigurationPlatforms) = preSolution
		Debug|Any CPU = Debug|Any CPU
		Debug|ARM = Debug|ARM
		Debug|ARM64 = Debug|ARM64
		Debug|x64 = Debug|x64
		Debug|x86 = Debug|x86
		Release|Any CPU = Release|Any CPU
		Release|ARM = Release|ARM
		Release|ARM64 = Release|ARM64
		Release|x64 = Release|x64
		Release|x86 = Release|x86
	EndGlobalSection
	GlobalSection(ProjectConfigurationPlatforms) = postSolution
		{339DC6D9-D62A-48B7-BE6D-434B8C4DAB7A}.Debug|Any CPU.ActiveCfg = Debug|Any CPU
		{339DC6D9-D62A-48B7-BE6D-434B8C4DAB7A}.Debug|Any CPU.Build.0 = Debug|Any CPU
		{339DC6D9-D62A-48B7-BE6D-434B8C4DAB7A}.Debug|ARM.ActiveCfg = Debug|Any CPU
		{339DC6D9-D62A-48B7-BE6D-434B8C4DAB7A}.Debug|ARM.Build.0 = Debug|Any CPU
		{339DC6D9-D62A-48B7-BE6D-434B8C4DAB7A}.Debug|ARM64.ActiveCfg = Debug|Any CPU
		{339DC6D9-D62A-48B7-BE6D-434B8C4DAB7A}.Debug|ARM64.Build.0 = Debug|Any CPU
		{339DC6D9-D62A-48B7-BE6D-434B8C4DAB7A}.Debug|x64.ActiveCfg = Debug|Any CPU
		{339DC6D9-D62A-48B7-BE6D-434B8C4DAB7A}.Debug|x64.Build.0 = Debug|Any CPU
		{339DC6D9-D62A-48B7-BE6D-434B8C4DAB7A}.Debug|x86.ActiveCfg = Debug|Any CPU
		{339DC6D9-D62A-48B7-BE6D-434B8C4DAB7A}.Debug|x86.Build.0 = Debug|Any CPU
		{339DC6D9-D62A-48B7-BE6D-434B8C4DAB7A}.Release|Any CPU.ActiveCfg = Release|Any CPU
		{339DC6D9-D62A-48B7-BE6D-434B8C4DAB7A}.Release|Any CPU.Build.0 = Release|Any CPU
		{339DC6D9-D62A-48B7-BE6D-434B8C4DAB7A}.Release|ARM.ActiveCfg = Release|Any CPU
		{339DC6D9-D62A-48B7-BE6D-434B8C4DAB7A}.Release|ARM.Build.0 = Release|Any CPU
		{339DC6D9-D62A-48B7-BE6D-434B8C4DAB7A}.Release|ARM64.ActiveCfg = Release|Any CPU
		{339DC6D9-D62A-48B7-BE6D-434B8C4DAB7A}.Release|ARM64.Build.0 = Release|Any CPU
		{339DC6D9-D62A-48B7-BE6D-434B8C4DAB7A}.Release|x64.ActiveCfg = Release|Any CPU
		{339DC6D9-D62A-48B7-BE6D-434B8C4DAB7A}.Release|x64.Build.0 = Release|Any CPU
		{339DC6D9-D62A-48B7-BE6D-434B8C4DAB7A}.Release|x86.ActiveCfg = Release|Any CPU
		{339DC6D9-D62A-48B7-BE6D-434B8C4DAB7A}.Release|x86.Build.0 = Release|Any CPU
		{34A90224-583C-4FE2-AF30-8C66DBD7C435}.Debug|Any CPU.ActiveCfg = Debug|Any CPU
		{34A90224-583C-4FE2-AF30-8C66DBD7C435}.Debug|Any CPU.Build.0 = Debug|Any CPU
		{34A90224-583C-4FE2-AF30-8C66DBD7C435}.Debug|ARM.ActiveCfg = Debug|Any CPU
		{34A90224-583C-4FE2-AF30-8C66DBD7C435}.Debug|ARM.Build.0 = Debug|Any CPU
		{34A90224-583C-4FE2-AF30-8C66DBD7C435}.Debug|ARM64.ActiveCfg = Debug|Any CPU
		{34A90224-583C-4FE2-AF30-8C66DBD7C435}.Debug|ARM64.Build.0 = Debug|Any CPU
		{34A90224-583C-4FE2-AF30-8C66DBD7C435}.Debug|x64.ActiveCfg = Debug|Any CPU
		{34A90224-583C-4FE2-AF30-8C66DBD7C435}.Debug|x64.Build.0 = Debug|Any CPU
		{34A90224-583C-4FE2-AF30-8C66DBD7C435}.Debug|x86.ActiveCfg = Debug|Any CPU
		{34A90224-583C-4FE2-AF30-8C66DBD7C435}.Debug|x86.Build.0 = Debug|Any CPU
		{34A90224-583C-4FE2-AF30-8C66DBD7C435}.Release|Any CPU.ActiveCfg = Release|Any CPU
		{34A90224-583C-4FE2-AF30-8C66DBD7C435}.Release|Any CPU.Build.0 = Release|Any CPU
		{34A90224-583C-4FE2-AF30-8C66DBD7C435}.Release|ARM.ActiveCfg = Release|Any CPU
		{34A90224-583C-4FE2-AF30-8C66DBD7C435}.Release|ARM.Build.0 = Release|Any CPU
		{34A90224-583C-4FE2-AF30-8C66DBD7C435}.Release|ARM64.ActiveCfg = Release|Any CPU
		{34A90224-583C-4FE2-AF30-8C66DBD7C435}.Release|ARM64.Build.0 = Release|Any CPU
		{34A90224-583C-4FE2-AF30-8C66DBD7C435}.Release|x64.ActiveCfg = Release|Any CPU
		{34A90224-583C-4FE2-AF30-8C66DBD7C435}.Release|x64.Build.0 = Release|Any CPU
		{34A90224-583C-4FE2-AF30-8C66DBD7C435}.Release|x86.ActiveCfg = Release|Any CPU
		{34A90224-583C-4FE2-AF30-8C66DBD7C435}.Release|x86.Build.0 = Release|Any CPU
		{29257717-DA95-4895-AA9B-488589F37A5D}.Debug|Any CPU.ActiveCfg = Debug|Any CPU
		{29257717-DA95-4895-AA9B-488589F37A5D}.Debug|Any CPU.Build.0 = Debug|Any CPU
		{29257717-DA95-4895-AA9B-488589F37A5D}.Debug|ARM.ActiveCfg = Debug|Any CPU
		{29257717-DA95-4895-AA9B-488589F37A5D}.Debug|ARM.Build.0 = Debug|Any CPU
		{29257717-DA95-4895-AA9B-488589F37A5D}.Debug|ARM64.ActiveCfg = Debug|Any CPU
		{29257717-DA95-4895-AA9B-488589F37A5D}.Debug|ARM64.Build.0 = Debug|Any CPU
		{29257717-DA95-4895-AA9B-488589F37A5D}.Debug|x64.ActiveCfg = Debug|Any CPU
		{29257717-DA95-4895-AA9B-488589F37A5D}.Debug|x64.Build.0 = Debug|Any CPU
		{29257717-DA95-4895-AA9B-488589F37A5D}.Debug|x86.ActiveCfg = Debug|Any CPU
		{29257717-DA95-4895-AA9B-488589F37A5D}.Debug|x86.Build.0 = Debug|Any CPU
		{29257717-DA95-4895-AA9B-488589F37A5D}.Release|Any CPU.ActiveCfg = Release|Any CPU
		{29257717-DA95-4895-AA9B-488589F37A5D}.Release|Any CPU.Build.0 = Release|Any CPU
		{29257717-DA95-4895-AA9B-488589F37A5D}.Release|ARM.ActiveCfg = Release|Any CPU
		{29257717-DA95-4895-AA9B-488589F37A5D}.Release|ARM.Build.0 = Release|Any CPU
		{29257717-DA95-4895-AA9B-488589F37A5D}.Release|ARM64.ActiveCfg = Release|Any CPU
		{29257717-DA95-4895-AA9B-488589F37A5D}.Release|ARM64.Build.0 = Release|Any CPU
		{29257717-DA95-4895-AA9B-488589F37A5D}.Release|x64.ActiveCfg = Release|Any CPU
		{29257717-DA95-4895-AA9B-488589F37A5D}.Release|x64.Build.0 = Release|Any CPU
		{29257717-DA95-4895-AA9B-488589F37A5D}.Release|x86.ActiveCfg = Release|Any CPU
		{29257717-DA95-4895-AA9B-488589F37A5D}.Release|x86.Build.0 = Release|Any CPU
		{7BC0994F-B9DD-4E8C-8E94-00C74BBC5937}.Debug|Any CPU.ActiveCfg = Debug|Any CPU
		{7BC0994F-B9DD-4E8C-8E94-00C74BBC5937}.Debug|Any CPU.Build.0 = Debug|Any CPU
		{7BC0994F-B9DD-4E8C-8E94-00C74BBC5937}.Debug|ARM.ActiveCfg = Debug|Any CPU
		{7BC0994F-B9DD-4E8C-8E94-00C74BBC5937}.Debug|ARM.Build.0 = Debug|Any CPU
		{7BC0994F-B9DD-4E8C-8E94-00C74BBC5937}.Debug|ARM64.ActiveCfg = Debug|Any CPU
		{7BC0994F-B9DD-4E8C-8E94-00C74BBC5937}.Debug|ARM64.Build.0 = Debug|Any CPU
		{7BC0994F-B9DD-4E8C-8E94-00C74BBC5937}.Debug|x64.ActiveCfg = Debug|Any CPU
		{7BC0994F-B9DD-4E8C-8E94-00C74BBC5937}.Debug|x64.Build.0 = Debug|Any CPU
		{7BC0994F-B9DD-4E8C-8E94-00C74BBC5937}.Debug|x86.ActiveCfg = Debug|Any CPU
		{7BC0994F-B9DD-4E8C-8E94-00C74BBC5937}.Debug|x86.Build.0 = Debug|Any CPU
		{7BC0994F-B9DD-4E8C-8E94-00C74BBC5937}.Release|Any CPU.ActiveCfg = Release|Any CPU
		{7BC0994F-B9DD-4E8C-8E94-00C74BBC5937}.Release|Any CPU.Build.0 = Release|Any CPU
		{7BC0994F-B9DD-4E8C-8E94-00C74BBC5937}.Release|ARM.ActiveCfg = Release|Any CPU
		{7BC0994F-B9DD-4E8C-8E94-00C74BBC5937}.Release|ARM.Build.0 = Release|Any CPU
		{7BC0994F-B9DD-4E8C-8E94-00C74BBC5937}.Release|ARM64.ActiveCfg = Release|Any CPU
		{7BC0994F-B9DD-4E8C-8E94-00C74BBC5937}.Release|ARM64.Build.0 = Release|Any CPU
		{7BC0994F-B9DD-4E8C-8E94-00C74BBC5937}.Release|x64.ActiveCfg = Release|Any CPU
		{7BC0994F-B9DD-4E8C-8E94-00C74BBC5937}.Release|x64.Build.0 = Release|Any CPU
		{7BC0994F-B9DD-4E8C-8E94-00C74BBC5937}.Release|x86.ActiveCfg = Release|Any CPU
		{7BC0994F-B9DD-4E8C-8E94-00C74BBC5937}.Release|x86.Build.0 = Release|Any CPU
		{91A48E90-AB77-4E81-BD8B-CDD468372066}.Debug|Any CPU.ActiveCfg = Debug|Any CPU
		{91A48E90-AB77-4E81-BD8B-CDD468372066}.Debug|Any CPU.Build.0 = Debug|Any CPU
		{91A48E90-AB77-4E81-BD8B-CDD468372066}.Debug|Any CPU.Deploy.0 = Debug|Any CPU
		{91A48E90-AB77-4E81-BD8B-CDD468372066}.Debug|ARM.ActiveCfg = Debug|Any CPU
		{91A48E90-AB77-4E81-BD8B-CDD468372066}.Debug|ARM.Build.0 = Debug|Any CPU
		{91A48E90-AB77-4E81-BD8B-CDD468372066}.Debug|ARM.Deploy.0 = Debug|Any CPU
		{91A48E90-AB77-4E81-BD8B-CDD468372066}.Debug|ARM64.ActiveCfg = Debug|Any CPU
		{91A48E90-AB77-4E81-BD8B-CDD468372066}.Debug|ARM64.Build.0 = Debug|Any CPU
		{91A48E90-AB77-4E81-BD8B-CDD468372066}.Debug|ARM64.Deploy.0 = Debug|Any CPU
		{91A48E90-AB77-4E81-BD8B-CDD468372066}.Debug|x64.ActiveCfg = Debug|Any CPU
		{91A48E90-AB77-4E81-BD8B-CDD468372066}.Debug|x64.Build.0 = Debug|Any CPU
		{91A48E90-AB77-4E81-BD8B-CDD468372066}.Debug|x64.Deploy.0 = Debug|Any CPU
		{91A48E90-AB77-4E81-BD8B-CDD468372066}.Debug|x86.ActiveCfg = Debug|Any CPU
		{91A48E90-AB77-4E81-BD8B-CDD468372066}.Debug|x86.Build.0 = Debug|Any CPU
		{91A48E90-AB77-4E81-BD8B-CDD468372066}.Debug|x86.Deploy.0 = Debug|Any CPU
		{91A48E90-AB77-4E81-BD8B-CDD468372066}.Release|Any CPU.ActiveCfg = Release|Any CPU
		{91A48E90-AB77-4E81-BD8B-CDD468372066}.Release|Any CPU.Build.0 = Release|Any CPU
		{91A48E90-AB77-4E81-BD8B-CDD468372066}.Release|Any CPU.Deploy.0 = Release|Any CPU
		{91A48E90-AB77-4E81-BD8B-CDD468372066}.Release|ARM.ActiveCfg = Release|Any CPU
		{91A48E90-AB77-4E81-BD8B-CDD468372066}.Release|ARM.Build.0 = Release|Any CPU
		{91A48E90-AB77-4E81-BD8B-CDD468372066}.Release|ARM.Deploy.0 = Release|Any CPU
		{91A48E90-AB77-4E81-BD8B-CDD468372066}.Release|ARM64.ActiveCfg = Release|Any CPU
		{91A48E90-AB77-4E81-BD8B-CDD468372066}.Release|ARM64.Build.0 = Release|Any CPU
		{91A48E90-AB77-4E81-BD8B-CDD468372066}.Release|ARM64.Deploy.0 = Release|Any CPU
		{91A48E90-AB77-4E81-BD8B-CDD468372066}.Release|x64.ActiveCfg = Release|Any CPU
		{91A48E90-AB77-4E81-BD8B-CDD468372066}.Release|x64.Build.0 = Release|Any CPU
		{91A48E90-AB77-4E81-BD8B-CDD468372066}.Release|x64.Deploy.0 = Release|Any CPU
		{91A48E90-AB77-4E81-BD8B-CDD468372066}.Release|x86.ActiveCfg = Release|Any CPU
		{91A48E90-AB77-4E81-BD8B-CDD468372066}.Release|x86.Build.0 = Release|Any CPU
		{91A48E90-AB77-4E81-BD8B-CDD468372066}.Release|x86.Deploy.0 = Release|Any CPU
		{85A63DD9-B837-4CD3-8031-AC560CB7FB85}.Debug|Any CPU.ActiveCfg = Debug|x64
		{85A63DD9-B837-4CD3-8031-AC560CB7FB85}.Debug|Any CPU.Build.0 = Debug|x64
		{85A63DD9-B837-4CD3-8031-AC560CB7FB85}.Debug|Any CPU.Deploy.0 = Debug|x64
		{85A63DD9-B837-4CD3-8031-AC560CB7FB85}.Debug|ARM.ActiveCfg = Debug|ARM
		{85A63DD9-B837-4CD3-8031-AC560CB7FB85}.Debug|ARM.Build.0 = Debug|ARM
		{85A63DD9-B837-4CD3-8031-AC560CB7FB85}.Debug|ARM.Deploy.0 = Debug|ARM
		{85A63DD9-B837-4CD3-8031-AC560CB7FB85}.Debug|ARM64.ActiveCfg = Debug|ARM64
		{85A63DD9-B837-4CD3-8031-AC560CB7FB85}.Debug|ARM64.Build.0 = Debug|ARM64
		{85A63DD9-B837-4CD3-8031-AC560CB7FB85}.Debug|ARM64.Deploy.0 = Debug|ARM64
		{85A63DD9-B837-4CD3-8031-AC560CB7FB85}.Debug|x64.ActiveCfg = Debug|x64
		{85A63DD9-B837-4CD3-8031-AC560CB7FB85}.Debug|x64.Build.0 = Debug|x64
		{85A63DD9-B837-4CD3-8031-AC560CB7FB85}.Debug|x64.Deploy.0 = Debug|x64
		{85A63DD9-B837-4CD3-8031-AC560CB7FB85}.Debug|x86.ActiveCfg = Debug|x86
		{85A63DD9-B837-4CD3-8031-AC560CB7FB85}.Debug|x86.Build.0 = Debug|x86
		{85A63DD9-B837-4CD3-8031-AC560CB7FB85}.Debug|x86.Deploy.0 = Debug|x86
		{85A63DD9-B837-4CD3-8031-AC560CB7FB85}.Release|Any CPU.ActiveCfg = Release|x64
		{85A63DD9-B837-4CD3-8031-AC560CB7FB85}.Release|Any CPU.Build.0 = Release|x64
		{85A63DD9-B837-4CD3-8031-AC560CB7FB85}.Release|Any CPU.Deploy.0 = Release|x64
		{85A63DD9-B837-4CD3-8031-AC560CB7FB85}.Release|ARM.ActiveCfg = Release|ARM
		{85A63DD9-B837-4CD3-8031-AC560CB7FB85}.Release|ARM.Build.0 = Release|ARM
		{85A63DD9-B837-4CD3-8031-AC560CB7FB85}.Release|ARM.Deploy.0 = Release|ARM
		{85A63DD9-B837-4CD3-8031-AC560CB7FB85}.Release|ARM64.ActiveCfg = Release|ARM64
		{85A63DD9-B837-4CD3-8031-AC560CB7FB85}.Release|ARM64.Build.0 = Release|ARM64
		{85A63DD9-B837-4CD3-8031-AC560CB7FB85}.Release|ARM64.Deploy.0 = Release|ARM64
		{85A63DD9-B837-4CD3-8031-AC560CB7FB85}.Release|x64.ActiveCfg = Release|x64
		{85A63DD9-B837-4CD3-8031-AC560CB7FB85}.Release|x64.Build.0 = Release|x64
		{85A63DD9-B837-4CD3-8031-AC560CB7FB85}.Release|x64.Deploy.0 = Release|x64
		{85A63DD9-B837-4CD3-8031-AC560CB7FB85}.Release|x86.ActiveCfg = Release|x86
		{85A63DD9-B837-4CD3-8031-AC560CB7FB85}.Release|x86.Build.0 = Release|x86
		{85A63DD9-B837-4CD3-8031-AC560CB7FB85}.Release|x86.Deploy.0 = Release|x86
	EndGlobalSection
	GlobalSection(SolutionProperties) = preSolution
		HideSolutionNode = FALSE
	EndGlobalSection
	GlobalSection(ExtensibilityGlobals) = postSolution
		SolutionGuid = {B7F08B9D-48E8-44DB-9697-3176A8421305}
	EndGlobalSection
EndGlobal
