
Microsoft Visual Studio Solution File, Format Version 12.00
# Visual Studio Version 17
VisualStudioVersion = 17.3.32721.290
MinimumVisualStudioVersion = 10.0.40219.1
Project("{9A19103F-16F7-4668-BE54-9A1E7A4F7556}") = "MusicWPF", "MusicWPF\MusicWPF.csproj", "{339DC6D9-D62A-48B7-BE6D-434B8C4DAB7A}"
EndProject
Project("{9A19103F-16F7-4668-BE54-9A1E7A4F7556}") = "MusicWidget", "MusicWidget\MusicWidget.csproj", "{34A90224-583C-4FE2-AF30-8C66DBD7C435}"
EndProject
Global
	GlobalSection(SolutionConfigurationPlatforms) = preSolution
		Debug|Any CPU = Debug|Any CPU
		Release|Any CPU = Release|Any CPU
	EndGlobalSection
	GlobalSection(ProjectConfigurationPlatforms) = postSolution
		{339DC6D9-D62A-48B7-BE6D-434B8C4DAB7A}.Debug|Any CPU.ActiveCfg = Debug|Any CPU
		{339DC6D9-D62A-48B7-BE6D-434B8C4DAB7A}.Debug|Any CPU.Build.0 = Debug|Any CPU
		{339DC6D9-D62A-48B7-BE6D-434B8C4DAB7A}.Release|Any CPU.ActiveCfg = Release|Any CPU
		{339DC6D9-D62A-48B7-BE6D-434B8C4DAB7A}.Release|Any CPU.Build.0 = Release|Any CPU
		{34A90224-583C-4FE2-AF30-8C66DBD7C435}.Debug|Any CPU.ActiveCfg = Debug|Any CPU
		{34A90224-583C-4FE2-AF30-8C66DBD7C435}.Debug|Any CPU.Build.0 = Debug|Any CPU
		{34A90224-583C-4FE2-AF30-8C66DBD7C435}.Release|Any CPU.ActiveCfg = Release|Any CPU
		{34A90224-583C-4FE2-AF30-8C66DBD7C435}.Release|Any CPU.Build.0 = Release|Any CPU
	EndGlobalSection
	GlobalSection(SolutionProperties) = preSolution
		HideSolutionNode = FALSE
	EndGlobalSection
	GlobalSection(ExtensibilityGlobals) = postSolution
		SolutionGuid = {B7F08B9D-48E8-44DB-9697-3176A8421305}
	EndGlobalSection
EndGlobal
