
Microsoft Visual Studio Solution File, Format Version 12.00
# Visual Studio Version 17
VisualStudioVersion = 17.3.32721.290
MinimumVisualStudioVersion = 10.0.40219.1
Project("{9A19103F-16F7-4668-BE54-9A1E7A4F7556}") = "MusicWPF", "MusicWPF\MusicWPF.csproj", "{339DC6D9-D62A-48B7-BE6D-434B8C4DAB7A}"
EndProject
Project("{9A19103F-16F7-4668-BE54-9A1E7A4F7556}") = "MusicLibrary", "MusicLibrary\MusicLibrary.csproj", "{29257717-DA95-4895-AA9B-488589F37A5D}"
EndProject
Project("{FAE04EC0-301F-11D3-BF4B-00C04F79EFBC}") = "MusicWidget", "MusicWidget\MusicWidget.csproj", "{1A3A4E3E-83D6-4542-B9B4-3BEA4EF5FB11}"
EndProject
Global
	GlobalSection(SolutionConfigurationPlatforms) = preSolution
		Debug|Any CPU = Debug|Any CPU
		Debug|ARM = Debug|ARM
		Debug|ARM64 = Debug|ARM64
		Debug|x64 = Debug|x64
		Debug|x86 = Debug|x86
		Release|Any CPU = Release|Any CPU
		Release|ARM = Release|ARM
		Release|ARM64 = Release|ARM64
		Release|x64 = Release|x64
		Release|x86 = Release|x86
	EndGlobalSection
	GlobalSection(ProjectConfigurationPlatforms) = postSolution
		{339DC6D9-D62A-48B7-BE6D-434B8C4DAB7A}.Debug|Any CPU.ActiveCfg = Debug|Any CPU
		{339DC6D9-D62A-48B7-BE6D-434B8C4DAB7A}.Debug|Any CPU.Build.0 = Debug|Any CPU
		{339DC6D9-D62A-48B7-BE6D-434B8C4DAB7A}.Debug|ARM.ActiveCfg = Debug|Any CPU
		{339DC6D9-D62A-48B7-BE6D-434B8C4DAB7A}.Debug|ARM.Build.0 = Debug|Any CPU
		{339DC6D9-D62A-48B7-BE6D-434B8C4DAB7A}.Debug|ARM64.ActiveCfg = Debug|Any CPU
		{339DC6D9-D62A-48B7-BE6D-434B8C4DAB7A}.Debug|ARM64.Build.0 = Debug|Any CPU
		{339DC6D9-D62A-48B7-BE6D-434B8C4DAB7A}.Debug|x64.ActiveCfg = Debug|Any CPU
		{339DC6D9-D62A-48B7-BE6D-434B8C4DAB7A}.Debug|x64.Build.0 = Debug|Any CPU
		{339DC6D9-D62A-48B7-BE6D-434B8C4DAB7A}.Debug|x86.ActiveCfg = Debug|Any CPU
		{339DC6D9-D62A-48B7-BE6D-434B8C4DAB7A}.Debug|x86.Build.0 = Debug|Any CPU
		{339DC6D9-D62A-48B7-BE6D-434B8C4DAB7A}.Release|Any CPU.ActiveCfg = Release|Any CPU
		{339DC6D9-D62A-48B7-BE6D-434B8C4DAB7A}.Release|Any CPU.Build.0 = Release|Any CPU
		{339DC6D9-D62A-48B7-BE6D-434B8C4DAB7A}.Release|ARM.ActiveCfg = Release|Any CPU
		{339DC6D9-D62A-48B7-BE6D-434B8C4DAB7A}.Release|ARM.Build.0 = Release|Any CPU
		{339DC6D9-D62A-48B7-BE6D-434B8C4DAB7A}.Release|ARM64.ActiveCfg = Release|Any CPU
		{339DC6D9-D62A-48B7-BE6D-434B8C4DAB7A}.Release|ARM64.Build.0 = Release|Any CPU
		{339DC6D9-D62A-48B7-BE6D-434B8C4DAB7A}.Release|x64.ActiveCfg = Release|Any CPU
		{339DC6D9-D62A-48B7-BE6D-434B8C4DAB7A}.Release|x64.Build.0 = Release|Any CPU
		{339DC6D9-D62A-48B7-BE6D-434B8C4DAB7A}.Release|x86.ActiveCfg = Release|Any CPU
		{339DC6D9-D62A-48B7-BE6D-434B8C4DAB7A}.Release|x86.Build.0 = Release|Any CPU
		{29257717-DA95-4895-AA9B-488589F37A5D}.Debug|Any CPU.ActiveCfg = Debug|Any CPU
		{29257717-DA95-4895-AA9B-488589F37A5D}.Debug|Any CPU.Build.0 = Debug|Any CPU
		{29257717-DA95-4895-AA9B-488589F37A5D}.Debug|ARM.ActiveCfg = Debug|Any CPU
		{29257717-DA95-4895-AA9B-488589F37A5D}.Debug|ARM.Build.0 = Debug|Any CPU
		{29257717-DA95-4895-AA9B-488589F37A5D}.Debug|ARM64.ActiveCfg = Debug|Any CPU
		{29257717-DA95-4895-AA9B-488589F37A5D}.Debug|ARM64.Build.0 = Debug|Any CPU
		{29257717-DA95-4895-AA9B-488589F37A5D}.Debug|x64.ActiveCfg = Debug|Any CPU
		{29257717-DA95-4895-AA9B-488589F37A5D}.Debug|x64.Build.0 = Debug|Any CPU
		{29257717-DA95-4895-AA9B-488589F37A5D}.Debug|x86.ActiveCfg = Debug|Any CPU
		{29257717-DA95-4895-AA9B-488589F37A5D}.Debug|x86.Build.0 = Debug|Any CPU
		{29257717-DA95-4895-AA9B-488589F37A5D}.Release|Any CPU.ActiveCfg = Release|Any CPU
		{29257717-DA95-4895-AA9B-488589F37A5D}.Release|Any CPU.Build.0 = Release|Any CPU
		{29257717-DA95-4895-AA9B-488589F37A5D}.Release|ARM.ActiveCfg = Release|Any CPU
		{29257717-DA95-4895-AA9B-488589F37A5D}.Release|ARM.Build.0 = Release|Any CPU
		{29257717-DA95-4895-AA9B-488589F37A5D}.Release|ARM64.ActiveCfg = Release|Any CPU
		{29257717-DA95-4895-AA9B-488589F37A5D}.Release|ARM64.Build.0 = Release|Any CPU
		{29257717-DA95-4895-AA9B-488589F37A5D}.Release|x64.ActiveCfg = Release|Any CPU
		{29257717-DA95-4895-AA9B-488589F37A5D}.Release|x64.Build.0 = Release|Any CPU
		{29257717-DA95-4895-AA9B-488589F37A5D}.Release|x86.ActiveCfg = Release|Any CPU
		{29257717-DA95-4895-AA9B-488589F37A5D}.Release|x86.Build.0 = Release|Any CPU
		{1A3A4E3E-83D6-4542-B9B4-3BEA4EF5FB11}.Debug|Any CPU.ActiveCfg = Debug|Any CPU
		{1A3A4E3E-83D6-4542-B9B4-3BEA4EF5FB11}.Debug|Any CPU.Build.0 = Debug|Any CPU
		{1A3A4E3E-83D6-4542-B9B4-3BEA4EF5FB11}.Debug|ARM.ActiveCfg = Debug|Any CPU
		{1A3A4E3E-83D6-4542-B9B4-3BEA4EF5FB11}.Debug|ARM.Build.0 = Debug|Any CPU
		{1A3A4E3E-83D6-4542-B9B4-3BEA4EF5FB11}.Debug|ARM64.ActiveCfg = Debug|Any CPU
		{1A3A4E3E-83D6-4542-B9B4-3BEA4EF5FB11}.Debug|ARM64.Build.0 = Debug|Any CPU
		{1A3A4E3E-83D6-4542-B9B4-3BEA4EF5FB11}.Debug|x64.ActiveCfg = Debug|Any CPU
		{1A3A4E3E-83D6-4542-B9B4-3BEA4EF5FB11}.Debug|x64.Build.0 = Debug|Any CPU
		{1A3A4E3E-83D6-4542-B9B4-3BEA4EF5FB11}.Debug|x86.ActiveCfg = Debug|Any CPU
		{1A3A4E3E-83D6-4542-B9B4-3BEA4EF5FB11}.Debug|x86.Build.0 = Debug|Any CPU
		{1A3A4E3E-83D6-4542-B9B4-3BEA4EF5FB11}.Release|Any CPU.ActiveCfg = Release|Any CPU
		{1A3A4E3E-83D6-4542-B9B4-3BEA4EF5FB11}.Release|Any CPU.Build.0 = Release|Any CPU
		{1A3A4E3E-83D6-4542-B9B4-3BEA4EF5FB11}.Release|ARM.ActiveCfg = Release|Any CPU
		{1A3A4E3E-83D6-4542-B9B4-3BEA4EF5FB11}.Release|ARM.Build.0 = Release|Any CPU
		{1A3A4E3E-83D6-4542-B9B4-3BEA4EF5FB11}.Release|ARM64.ActiveCfg = Release|Any CPU
		{1A3A4E3E-83D6-4542-B9B4-3BEA4EF5FB11}.Release|ARM64.Build.0 = Release|Any CPU
		{1A3A4E3E-83D6-4542-B9B4-3BEA4EF5FB11}.Release|x64.ActiveCfg = Release|Any CPU
		{1A3A4E3E-83D6-4542-B9B4-3BEA4EF5FB11}.Release|x64.Build.0 = Release|Any CPU
		{1A3A4E3E-83D6-4542-B9B4-3BEA4EF5FB11}.Release|x86.ActiveCfg = Release|Any CPU
		{1A3A4E3E-83D6-4542-B9B4-3BEA4EF5FB11}.Release|x86.Build.0 = Release|Any CPU
	EndGlobalSection
	GlobalSection(SolutionProperties) = preSolution
		HideSolutionNode = FALSE
	EndGlobalSection
	GlobalSection(ExtensibilityGlobals) = postSolution
		SolutionGuid = {B7F08B9D-48E8-44DB-9697-3176A8421305}
	EndGlobalSection
EndGlobal
